
Microsoft Visual Studio Solution File, Format Version 12.00
# Visual Studio 14
VisualStudioVersion = 14.0.25420.1
MinimumVisualStudioVersion = 10.0.40219.1
Project("{FAE04EC0-301F-11D3-BF4B-00C04F79EFBC}") = "TB.MvcWeb", "TB.MvcWeb\TB.MvcWeb.csproj", "{32951B64-8713-4FFF-93B6-1496EB5B494B}"
EndProject
Project("{2150E333-8FDC-42A3-9474-1A3956D46DE8}") = "05.Presentation", "05.Presentation", "{78B13D65-7EBB-4E62-B24A-CBC485C386D8}"
EndProject
Project("{2150E333-8FDC-42A3-9474-1A3956D46DE8}") = "03.Repository", "03.Repository", "{D74EFC13-7E8A-4630-89DB-B94CA256494A}"
EndProject
Project("{2150E333-8FDC-42A3-9474-1A3956D46DE8}") = "04.Business", "04.Business", "{A7BA4182-FD34-47A9-8313-29C54E093C54}"
EndProject
Project("{2150E333-8FDC-42A3-9474-1A3956D46DE8}") = "02.Domain", "02.Domain", "{A6D28E35-7E63-460A-B2B2-257E30AABBA7}"
EndProject
Project("{2150E333-8FDC-42A3-9474-1A3956D46DE8}") = "Entity", "Entity", "{CC258978-6B54-4E26-9744-53AE4EFDCA9C}"
EndProject
Project("{FAE04EC0-301F-11D3-BF4B-00C04F79EFBC}") = "UI.HangHoa", "TB.MvcWeb\Areas\HangHoa\UI.HangHoa.csproj", "{301F69AE-4B22-469B-A75F-6175941C9F46}"
EndProject
Project("{2150E333-8FDC-42A3-9474-1A3956D46DE8}") = "01.Framework", "01.Framework", "{559E1553-D130-4141-AA71-4CBA0AF8F631}"
EndProject
Project("{FAE04EC0-301F-11D3-BF4B-00C04F79EFBC}") = "TB", "TB\TB.csproj", "{B0003285-CFF0-45EB-AD37-D5AB69CB374A}"
EndProject
Project("{2150E333-8FDC-42A3-9474-1A3956D46DE8}") = "Admin", "Admin", "{3C32970D-37CF-4349-A6D4-E5E339B735F4}"
EndProject
Project("{2150E333-8FDC-42A3-9474-1A3956D46DE8}") = "User", "User", "{2FEFA56D-33C5-4469-BA0C-7DF1AB294B8A}"
EndProject
Project("{FAE04EC0-301F-11D3-BF4B-00C04F79EFBC}") = "TB.MvcWebUser", "TB.MvcWebUser\TB.MvcWebUser.csproj", "{9E7D3173-E972-405B-9223-5328CFC507BC}"
EndProject
Project("{FAE04EC0-301F-11D3-BF4B-00C04F79EFBC}") = "TB.Domain", "TB.Domain\TB.Domain.csproj", "{90F20CF0-FF8F-432C-9DD7-F2F13734A625}"
EndProject
Project("{FAE04EC0-301F-11D3-BF4B-00C04F79EFBC}") = "TB.LoaiHangHoaRepo", "TB.Repository.LoaiHangHoa\TB.LoaiHangHoaRepo.csproj", "{FCC06980-057E-4B93-AD9F-0FA40467CEF0}"
EndProject
Project("{FAE04EC0-301F-11D3-BF4B-00C04F79EFBC}") = "TB.Repository.Base", "TB.Repository.Base\TB.Repository.Base.csproj", "{7749B81B-D5D0-404F-AAA0-441F22B765B0}"
EndProject
Project("{FAE04EC0-301F-11D3-BF4B-00C04F79EFBC}") = "UI.LoaiHangHoa", "TB.MvcWeb\Areas\LoaiHangHoa\UI.LoaiHangHoa.csproj", "{B12AD228-AB02-4397-85BE-DC8DD27F36D9}"
EndProject
Project("{FAE04EC0-301F-11D3-BF4B-00C04F79EFBC}") = "UI.NhaXuatBan", "TB.MvcWeb\Areas\NhaXuatBan\UI.NhaXuatBan.csproj", "{DC2418CF-5EC9-4B4D-B18A-382B8A04A561}"
EndProject
Project("{FAE04EC0-301F-11D3-BF4B-00C04F79EFBC}") = "UI.Security", "TB.MvcWeb\Areas\Security\UI.Security.csproj", "{4BEA6763-F637-4BF8-BDF2-CE4DE28C891D}"
EndProject
Project("{FAE04EC0-301F-11D3-BF4B-00C04F79EFBC}") = "TB.HangHoaRepo", "TB.Repository.HangHoa\TB.HangHoaRepo.csproj", "{E2A80703-1310-4A15-962C-4C8473079CBC}"
EndProject
Project("{FAE04EC0-301F-11D3-BF4B-00C04F79EFBC}") = "TB.TinhThanhPhoRepo", "TB.TinhThanhPhoRepo\TB.TinhThanhPhoRepo.csproj", "{8BCBC3B7-26A6-4A0C-AB7E-99210050FF56}"
EndProject
Project("{FAE04EC0-301F-11D3-BF4B-00C04F79EFBC}") = "UI.TinhThanhPho", "TB.MvcWeb\Areas\TinhThanhPho\UI.TinhThanhPho.csproj", "{E9BC6A1D-782B-4430-A28C-4DB9F990AEF9}"
EndProject
Project("{FAE04EC0-301F-11D3-BF4B-00C04F79EFBC}") = "UI.DonHang", "TB.MvcWeb\Areas\DonHang\UI.DonHang.csproj", "{4A467931-457F-443C-A844-5663202AEABA}"
EndProject
Project("{FAE04EC0-301F-11D3-BF4B-00C04F79EFBC}") = "TB.DonHangRepo", "TB.Repository.DonHang\TB.DonHangRepo.csproj", "{43694D9C-9DE9-4539-A350-618F9D273F15}"
EndProject
Global
	GlobalSection(SolutionConfigurationPlatforms) = preSolution
		Debug|Any CPU = Debug|Any CPU
		Release|Any CPU = Release|Any CPU
	EndGlobalSection
	GlobalSection(ProjectConfigurationPlatforms) = postSolution
		{32951B64-8713-4FFF-93B6-1496EB5B494B}.Debug|Any CPU.ActiveCfg = Debug|Any CPU
		{32951B64-8713-4FFF-93B6-1496EB5B494B}.Debug|Any CPU.Build.0 = Debug|Any CPU
		{32951B64-8713-4FFF-93B6-1496EB5B494B}.Release|Any CPU.ActiveCfg = Release|Any CPU
		{32951B64-8713-4FFF-93B6-1496EB5B494B}.Release|Any CPU.Build.0 = Release|Any CPU
		{301F69AE-4B22-469B-A75F-6175941C9F46}.Debug|Any CPU.ActiveCfg = Debug|Any CPU
		{301F69AE-4B22-469B-A75F-6175941C9F46}.Debug|Any CPU.Build.0 = Debug|Any CPU
		{301F69AE-4B22-469B-A75F-6175941C9F46}.Release|Any CPU.ActiveCfg = Release|Any CPU
		{301F69AE-4B22-469B-A75F-6175941C9F46}.Release|Any CPU.Build.0 = Release|Any CPU
		{B0003285-CFF0-45EB-AD37-D5AB69CB374A}.Debug|Any CPU.ActiveCfg = Debug|Any CPU
		{B0003285-CFF0-45EB-AD37-D5AB69CB374A}.Debug|Any CPU.Build.0 = Debug|Any CPU
		{B0003285-CFF0-45EB-AD37-D5AB69CB374A}.Release|Any CPU.ActiveCfg = Release|Any CPU
		{B0003285-CFF0-45EB-AD37-D5AB69CB374A}.Release|Any CPU.Build.0 = Release|Any CPU
		{9E7D3173-E972-405B-9223-5328CFC507BC}.Debug|Any CPU.ActiveCfg = Debug|Any CPU
		{9E7D3173-E972-405B-9223-5328CFC507BC}.Debug|Any CPU.Build.0 = Debug|Any CPU
		{9E7D3173-E972-405B-9223-5328CFC507BC}.Release|Any CPU.ActiveCfg = Release|Any CPU
		{9E7D3173-E972-405B-9223-5328CFC507BC}.Release|Any CPU.Build.0 = Release|Any CPU
		{90F20CF0-FF8F-432C-9DD7-F2F13734A625}.Debug|Any CPU.ActiveCfg = Debug|Any CPU
		{90F20CF0-FF8F-432C-9DD7-F2F13734A625}.Debug|Any CPU.Build.0 = Debug|Any CPU
		{90F20CF0-FF8F-432C-9DD7-F2F13734A625}.Release|Any CPU.ActiveCfg = Release|Any CPU
		{90F20CF0-FF8F-432C-9DD7-F2F13734A625}.Release|Any CPU.Build.0 = Release|Any CPU
		{FCC06980-057E-4B93-AD9F-0FA40467CEF0}.Debug|Any CPU.ActiveCfg = Debug|Any CPU
		{FCC06980-057E-4B93-AD9F-0FA40467CEF0}.Debug|Any CPU.Build.0 = Debug|Any CPU
		{FCC06980-057E-4B93-AD9F-0FA40467CEF0}.Release|Any CPU.ActiveCfg = Release|Any CPU
		{FCC06980-057E-4B93-AD9F-0FA40467CEF0}.Release|Any CPU.Build.0 = Release|Any CPU
		{7749B81B-D5D0-404F-AAA0-441F22B765B0}.Debug|Any CPU.ActiveCfg = Debug|Any CPU
		{7749B81B-D5D0-404F-AAA0-441F22B765B0}.Debug|Any CPU.Build.0 = Debug|Any CPU
		{7749B81B-D5D0-404F-AAA0-441F22B765B0}.Release|Any CPU.ActiveCfg = Release|Any CPU
		{7749B81B-D5D0-404F-AAA0-441F22B765B0}.Release|Any CPU.Build.0 = Release|Any CPU
		{B12AD228-AB02-4397-85BE-DC8DD27F36D9}.Debug|Any CPU.ActiveCfg = Debug|Any CPU
		{B12AD228-AB02-4397-85BE-DC8DD27F36D9}.Debug|Any CPU.Build.0 = Debug|Any CPU
		{B12AD228-AB02-4397-85BE-DC8DD27F36D9}.Release|Any CPU.ActiveCfg = Release|Any CPU
		{B12AD228-AB02-4397-85BE-DC8DD27F36D9}.Release|Any CPU.Build.0 = Release|Any CPU
		{DC2418CF-5EC9-4B4D-B18A-382B8A04A561}.Debug|Any CPU.ActiveCfg = Debug|Any CPU
		{DC2418CF-5EC9-4B4D-B18A-382B8A04A561}.Debug|Any CPU.Build.0 = Debug|Any CPU
		{DC2418CF-5EC9-4B4D-B18A-382B8A04A561}.Release|Any CPU.ActiveCfg = Release|Any CPU
		{DC2418CF-5EC9-4B4D-B18A-382B8A04A561}.Release|Any CPU.Build.0 = Release|Any CPU
		{4BEA6763-F637-4BF8-BDF2-CE4DE28C891D}.Debug|Any CPU.ActiveCfg = Debug|Any CPU
		{4BEA6763-F637-4BF8-BDF2-CE4DE28C891D}.Debug|Any CPU.Build.0 = Debug|Any CPU
		{4BEA6763-F637-4BF8-BDF2-CE4DE28C891D}.Release|Any CPU.ActiveCfg = Release|Any CPU
		{4BEA6763-F637-4BF8-BDF2-CE4DE28C891D}.Release|Any CPU.Build.0 = Release|Any CPU
		{E2A80703-1310-4A15-962C-4C8473079CBC}.Debug|Any CPU.ActiveCfg = Debug|Any CPU
		{E2A80703-1310-4A15-962C-4C8473079CBC}.Debug|Any CPU.Build.0 = Debug|Any CPU
		{E2A80703-1310-4A15-962C-4C8473079CBC}.Release|Any CPU.ActiveCfg = Release|Any CPU
		{E2A80703-1310-4A15-962C-4C8473079CBC}.Release|Any CPU.Build.0 = Release|Any CPU
		{8BCBC3B7-26A6-4A0C-AB7E-99210050FF56}.Debug|Any CPU.ActiveCfg = Debug|Any CPU
		{8BCBC3B7-26A6-4A0C-AB7E-99210050FF56}.Debug|Any CPU.Build.0 = Debug|Any CPU
		{8BCBC3B7-26A6-4A0C-AB7E-99210050FF56}.Release|Any CPU.ActiveCfg = Release|Any CPU
		{8BCBC3B7-26A6-4A0C-AB7E-99210050FF56}.Release|Any CPU.Build.0 = Release|Any CPU
		{E9BC6A1D-782B-4430-A28C-4DB9F990AEF9}.Debug|Any CPU.ActiveCfg = Debug|Any CPU
		{E9BC6A1D-782B-4430-A28C-4DB9F990AEF9}.Debug|Any CPU.Build.0 = Debug|Any CPU
		{E9BC6A1D-782B-4430-A28C-4DB9F990AEF9}.Release|Any CPU.ActiveCfg = Release|Any CPU
		{E9BC6A1D-782B-4430-A28C-4DB9F990AEF9}.Release|Any CPU.Build.0 = Release|Any CPU
		{4A467931-457F-443C-A844-5663202AEABA}.Debug|Any CPU.ActiveCfg = Debug|Any CPU
		{4A467931-457F-443C-A844-5663202AEABA}.Debug|Any CPU.Build.0 = Debug|Any CPU
		{4A467931-457F-443C-A844-5663202AEABA}.Release|Any CPU.ActiveCfg = Release|Any CPU
		{4A467931-457F-443C-A844-5663202AEABA}.Release|Any CPU.Build.0 = Release|Any CPU
		{43694D9C-9DE9-4539-A350-618F9D273F15}.Debug|Any CPU.ActiveCfg = Debug|Any CPU
		{43694D9C-9DE9-4539-A350-618F9D273F15}.Debug|Any CPU.Build.0 = Debug|Any CPU
		{43694D9C-9DE9-4539-A350-618F9D273F15}.Release|Any CPU.ActiveCfg = Release|Any CPU
		{43694D9C-9DE9-4539-A350-618F9D273F15}.Release|Any CPU.Build.0 = Release|Any CPU
	EndGlobalSection
	GlobalSection(SolutionProperties) = preSolution
		HideSolutionNode = FALSE
	EndGlobalSection
	GlobalSection(NestedProjects) = preSolution
		{32951B64-8713-4FFF-93B6-1496EB5B494B} = {3C32970D-37CF-4349-A6D4-E5E339B735F4}
		{301F69AE-4B22-469B-A75F-6175941C9F46} = {3C32970D-37CF-4349-A6D4-E5E339B735F4}
		{B0003285-CFF0-45EB-AD37-D5AB69CB374A} = {559E1553-D130-4141-AA71-4CBA0AF8F631}
		{3C32970D-37CF-4349-A6D4-E5E339B735F4} = {78B13D65-7EBB-4E62-B24A-CBC485C386D8}
		{2FEFA56D-33C5-4469-BA0C-7DF1AB294B8A} = {78B13D65-7EBB-4E62-B24A-CBC485C386D8}
		{9E7D3173-E972-405B-9223-5328CFC507BC} = {2FEFA56D-33C5-4469-BA0C-7DF1AB294B8A}
		{90F20CF0-FF8F-432C-9DD7-F2F13734A625} = {A6D28E35-7E63-460A-B2B2-257E30AABBA7}
		{FCC06980-057E-4B93-AD9F-0FA40467CEF0} = {D74EFC13-7E8A-4630-89DB-B94CA256494A}
		{7749B81B-D5D0-404F-AAA0-441F22B765B0} = {D74EFC13-7E8A-4630-89DB-B94CA256494A}
		{B12AD228-AB02-4397-85BE-DC8DD27F36D9} = {3C32970D-37CF-4349-A6D4-E5E339B735F4}
		{DC2418CF-5EC9-4B4D-B18A-382B8A04A561} = {3C32970D-37CF-4349-A6D4-E5E339B735F4}
		{4BEA6763-F637-4BF8-BDF2-CE4DE28C891D} = {3C32970D-37CF-4349-A6D4-E5E339B735F4}
		{E2A80703-1310-4A15-962C-4C8473079CBC} = {D74EFC13-7E8A-4630-89DB-B94CA256494A}
		{8BCBC3B7-26A6-4A0C-AB7E-99210050FF56} = {D74EFC13-7E8A-4630-89DB-B94CA256494A}
		{E9BC6A1D-782B-4430-A28C-4DB9F990AEF9} = {3C32970D-37CF-4349-A6D4-E5E339B735F4}
		{4A467931-457F-443C-A844-5663202AEABA} = {3C32970D-37CF-4349-A6D4-E5E339B735F4}
		{43694D9C-9DE9-4539-A350-618F9D273F15} = {D74EFC13-7E8A-4630-89DB-B94CA256494A}
	EndGlobalSection
EndGlobal
