
Microsoft Visual Studio Solution File, Format Version 12.00
# Visual Studio 14
VisualStudioVersion = 14.0.25420.1
MinimumVisualStudioVersion = 10.0.40219.1
Project("{FAE04EC0-301F-11D3-BF4B-00C04F79EFBC}") = "TB.MvcWeb", "TB.MvcWeb\TB.MvcWeb.csproj", "{32951B64-8713-4FFF-93B6-1496EB5B494B}"
EndProject
Project("{2150E333-8FDC-42A3-9474-1A3956D46DE8}") = "Presentation", "Presentation", "{78B13D65-7EBB-4E62-B24A-CBC485C386D8}"
EndProject
Project("{2150E333-8FDC-42A3-9474-1A3956D46DE8}") = "Repository", "Repository", "{D74EFC13-7E8A-4630-89DB-B94CA256494A}"
EndProject
Project("{2150E333-8FDC-42A3-9474-1A3956D46DE8}") = "Business", "Business", "{A7BA4182-FD34-47A9-8313-29C54E093C54}"
EndProject
Project("{2150E333-8FDC-42A3-9474-1A3956D46DE8}") = "Domain", "Domain", "{A6D28E35-7E63-460A-B2B2-257E30AABBA7}"
EndProject
Project("{2150E333-8FDC-42A3-9474-1A3956D46DE8}") = "Entity", "Entity", "{CC258978-6B54-4E26-9744-53AE4EFDCA9C}"
EndProject
Project("{FAE04EC0-301F-11D3-BF4B-00C04F79EFBC}") = "UI.HangHoa", "TB.MvcWeb\Areas\HangHoa\UI.HangHoa.csproj", "{301F69AE-4B22-469B-A75F-6175941C9F46}"
EndProject
Project("{2150E333-8FDC-42A3-9474-1A3956D46DE8}") = "01.Framework", "01.Framework", "{559E1553-D130-4141-AA71-4CBA0AF8F631}"
EndProject
Project("{FAE04EC0-301F-11D3-BF4B-00C04F79EFBC}") = "TB", "TB\TB.csproj", "{B0003285-CFF0-45EB-AD37-D5AB69CB374A}"
EndProject
Project("{2150E333-8FDC-42A3-9474-1A3956D46DE8}") = "Admin", "Admin", "{3C32970D-37CF-4349-A6D4-E5E339B735F4}"
EndProject
Project("{2150E333-8FDC-42A3-9474-1A3956D46DE8}") = "User", "User", "{2FEFA56D-33C5-4469-BA0C-7DF1AB294B8A}"
EndProject
Project("{FAE04EC0-301F-11D3-BF4B-00C04F79EFBC}") = "TB.MvcWebUser", "TB.MvcWebUser\TB.MvcWebUser.csproj", "{9E7D3173-E972-405B-9223-5328CFC507BC}"
EndProject
Global
	GlobalSection(SolutionConfigurationPlatforms) = preSolution
		Debug|Any CPU = Debug|Any CPU
		Release|Any CPU = Release|Any CPU
	EndGlobalSection
	GlobalSection(ProjectConfigurationPlatforms) = postSolution
		{32951B64-8713-4FFF-93B6-1496EB5B494B}.Debug|Any CPU.ActiveCfg = Debug|Any CPU
		{32951B64-8713-4FFF-93B6-1496EB5B494B}.Debug|Any CPU.Build.0 = Debug|Any CPU
		{32951B64-8713-4FFF-93B6-1496EB5B494B}.Release|Any CPU.ActiveCfg = Release|Any CPU
		{32951B64-8713-4FFF-93B6-1496EB5B494B}.Release|Any CPU.Build.0 = Release|Any CPU
		{301F69AE-4B22-469B-A75F-6175941C9F46}.Debug|Any CPU.ActiveCfg = Debug|Any CPU
		{301F69AE-4B22-469B-A75F-6175941C9F46}.Debug|Any CPU.Build.0 = Debug|Any CPU
		{301F69AE-4B22-469B-A75F-6175941C9F46}.Release|Any CPU.ActiveCfg = Release|Any CPU
		{301F69AE-4B22-469B-A75F-6175941C9F46}.Release|Any CPU.Build.0 = Release|Any CPU
		{B0003285-CFF0-45EB-AD37-D5AB69CB374A}.Debug|Any CPU.ActiveCfg = Debug|Any CPU
		{B0003285-CFF0-45EB-AD37-D5AB69CB374A}.Debug|Any CPU.Build.0 = Debug|Any CPU
		{B0003285-CFF0-45EB-AD37-D5AB69CB374A}.Release|Any CPU.ActiveCfg = Release|Any CPU
		{B0003285-CFF0-45EB-AD37-D5AB69CB374A}.Release|Any CPU.Build.0 = Release|Any CPU
		{9E7D3173-E972-405B-9223-5328CFC507BC}.Debug|Any CPU.ActiveCfg = Debug|Any CPU
		{9E7D3173-E972-405B-9223-5328CFC507BC}.Debug|Any CPU.Build.0 = Debug|Any CPU
		{9E7D3173-E972-405B-9223-5328CFC507BC}.Release|Any CPU.ActiveCfg = Release|Any CPU
		{9E7D3173-E972-405B-9223-5328CFC507BC}.Release|Any CPU.Build.0 = Release|Any CPU
	EndGlobalSection
	GlobalSection(SolutionProperties) = preSolution
		HideSolutionNode = FALSE
	EndGlobalSection
	GlobalSection(NestedProjects) = preSolution
		{32951B64-8713-4FFF-93B6-1496EB5B494B} = {3C32970D-37CF-4349-A6D4-E5E339B735F4}
		{301F69AE-4B22-469B-A75F-6175941C9F46} = {3C32970D-37CF-4349-A6D4-E5E339B735F4}
		{B0003285-CFF0-45EB-AD37-D5AB69CB374A} = {559E1553-D130-4141-AA71-4CBA0AF8F631}
		{3C32970D-37CF-4349-A6D4-E5E339B735F4} = {78B13D65-7EBB-4E62-B24A-CBC485C386D8}
		{2FEFA56D-33C5-4469-BA0C-7DF1AB294B8A} = {78B13D65-7EBB-4E62-B24A-CBC485C386D8}
		{9E7D3173-E972-405B-9223-5328CFC507BC} = {2FEFA56D-33C5-4469-BA0C-7DF1AB294B8A}
	EndGlobalSection
EndGlobal
